// !$*UTF8*$!
{
	archiveVersion = 1;
	classes = {
	};
	objectVersion = 50;
	objects = {

/* Begin PBXBuildFile section */
		EECD6C7222E8C02400B68955 /* AppDelegate.swift in Sources */ = {isa = PBXBuildFile; fileRef = EECD6C7122E8C02400B68955 /* AppDelegate.swift */; };
		EECD6C7422E8C02400B68955 /* ViewController.swift in Sources */ = {isa = PBXBuildFile; fileRef = EECD6C7322E8C02400B68955 /* ViewController.swift */; };
		EECD6C7722E8C02400B68955 /* Main.storyboard in Resources */ = {isa = PBXBuildFile; fileRef = EECD6C7522E8C02400B68955 /* Main.storyboard */; };
		EECD6C7A22E8C02400B68955 /* divider.xcdatamodeld in Sources */ = {isa = PBXBuildFile; fileRef = EECD6C7822E8C02400B68955 /* divider.xcdatamodeld */; };
		EECD6C7C22E8C02600B68955 /* Assets.xcassets in Resources */ = {isa = PBXBuildFile; fileRef = EECD6C7B22E8C02600B68955 /* Assets.xcassets */; };
		EECD6C7F22E8C02600B68955 /* LaunchScreen.storyboard in Resources */ = {isa = PBXBuildFile; fileRef = EECD6C7D22E8C02600B68955 /* LaunchScreen.storyboard */; };
/* End PBXBuildFile section */

/* Begin PBXFileReference section */
		EECD6C6E22E8C02400B68955 /* divider.app */ = {isa = PBXFileReference; explicitFileType = wrapper.application; includeInIndex = 0; path = divider.app; sourceTree = BUILT_PRODUCTS_DIR; };
		EECD6C7122E8C02400B68955 /* AppDelegate.swift */ = {isa = PBXFileReference; lastKnownFileType = sourcecode.swift; path = AppDelegate.swift; sourceTree = "<group>"; };
		EECD6C7322E8C02400B68955 /* ViewController.swift */ = {isa = PBXFileReference; lastKnownFileType = sourcecode.swift; path = ViewController.swift; sourceTree = "<group>"; };
		EECD6C7622E8C02400B68955 /* Base */ = {isa = PBXFileReference; lastKnownFileType = file.storyboard; name = Base; path = Base.lproj/Main.storyboard; sourceTree = "<group>"; };
		EECD6C7922E8C02400B68955 /* divider.xcdatamodel */ = {isa = PBXFileReference; lastKnownFileType = wrapper.xcdatamodel; path = divider.xcdatamodel; sourceTree = "<group>"; };
		EECD6C7B22E8C02600B68955 /* Assets.xcassets */ = {isa = PBXFileReference; lastKnownFileType = folder.assetcatalog; path = Assets.xcassets; sourceTree = "<group>"; };
		EECD6C7E22E8C02600B68955 /* Base */ = {isa = PBXFileReference; lastKnownFileType = file.storyboard; name = Base; path = Base.lproj/LaunchScreen.storyboard; sourceTree = "<group>"; };
		EECD6C8022E8C02600B68955 /* Info.plist */ = {isa = PBXFileReference; lastKnownFileType = text.plist.xml; path = Info.plist; sourceTree = "<group>"; };
/* End PBXFileReference section */

/* Begin PBXFrameworksBuildPhase section */
		EECD6C6B22E8C02400B68955 /* Frameworks */ = {
			isa = PBXFrameworksBuildPhase;
			buildActionMask = 2147483647;
			files = (
			);
			runOnlyForDeploymentPostprocessing = 0;
		};
/* End PBXFrameworksBuildPhase section */

/* Begin PBXGroup section */
		EECD6C6522E8C02400B68955 = {
			isa = PBXGroup;
			children = (
				EECD6C7022E8C02400B68955 /* divider */,
				EECD6C6F22E8C02400B68955 /* Products */,
			);
			sourceTree = "<group>";
		};
		EECD6C6F22E8C02400B68955 /* Products */ = {
			isa = PBXGroup;
			children = (
				EECD6C6E22E8C02400B68955 /* divider.app */,
			);
			name = Products;
			sourceTree = "<group>";
		};
		EECD6C7022E8C02400B68955 /* divider */ = {
			isa = PBXGroup;
			children = (
				EECD6C7122E8C02400B68955 /* AppDelegate.swift */,
				EECD6C7322E8C02400B68955 /* ViewController.swift */,
				EECD6C7522E8C02400B68955 /* Main.storyboard */,
				EECD6C7B22E8C02600B68955 /* Assets.xcassets */,
				EECD6C7D22E8C02600B68955 /* LaunchScreen.storyboard */,
				EECD6C8022E8C02600B68955 /* Info.plist */,
				EECD6C7822E8C02400B68955 /* divider.xcdatamodeld */,
			);
			path = divider;
			sourceTree = "<group>";
		};
/* End PBXGroup section */

/* Begin PBXNativeTarget section */
		EECD6C6D22E8C02400B68955 /* divider */ = {
			isa = PBXNativeTarget;
			buildConfigurationList = EECD6C8322E8C02600B68955 /* Build configuration list for PBXNativeTarget "divider" */;
			buildPhases = (
				EECD6C6A22E8C02400B68955 /* Sources */,
				EECD6C6B22E8C02400B68955 /* Frameworks */,
				EECD6C6C22E8C02400B68955 /* Resources */,
			);
			buildRules = (
			);
			dependencies = (
			);
			name = divider;
			productName = divider;
			productReference = EECD6C6E22E8C02400B68955 /* divider.app */;
			productType = "com.apple.product-type.application";
		};
/* End PBXNativeTarget section */

/* Begin PBXProject section */
		EECD6C6622E8C02400B68955 /* Project object */ = {
			isa = PBXProject;
			attributes = {
				LastSwiftUpdateCheck = 1030;
				LastUpgradeCheck = 1030;
				ORGANIZATIONNAME = "Artem Grebenkin";
				TargetAttributes = {
					EECD6C6D22E8C02400B68955 = {
						CreatedOnToolsVersion = 10.3;
					};
				};
			};
			buildConfigurationList = EECD6C6922E8C02400B68955 /* Build configuration list for PBXProject "divider" */;
			compatibilityVersion = "Xcode 9.3";
			developmentRegion = en;
			hasScannedForEncodings = 0;
			knownRegions = (
				en,
				Base,
			);
			mainGroup = EECD6C6522E8C02400B68955;
			productRefGroup = EECD6C6F22E8C02400B68955 /* Products */;
			projectDirPath = "";
			projectRoot = "";
			targets = (
				EECD6C6D22E8C02400B68955 /* divider */,
			);
		};
/* End PBXProject section */

/* Begin PBXResourcesBuildPhase section */
		EECD6C6C22E8C02400B68955 /* Resources */ = {
			isa = PBXResourcesBuildPhase;
			buildActionMask = 2147483647;
			files = (
				EECD6C7F22E8C02600B68955 /* LaunchScreen.storyboard in Resources */,
				EECD6C7C22E8C02600B68955 /* Assets.xcassets in Resources */,
				EECD6C7722E8C02400B68955 /* Main.storyboard in Resources */,
			);
			runOnlyForDeploymentPostprocessing = 0;
		};
/* End PBXResourcesBuildPhase section */

/* Begin PBXSourcesBuildPhase section */
		EECD6C6A22E8C02400B68955 /* Sources */ = {
			isa = PBXSourcesBuildPhase;
			buildActionMask = 2147483647;
			files = (
				EECD6C7422E8C02400B68955 /* ViewController.swift in Sources */,
				EECD6C7222E8C02400B68955 /* AppDelegate.swift in Sources */,
				EECD6C7A22E8C02400B68955 /* divider.xcdatamodeld in Sources */,
			);
			runOnlyForDeploymentPostprocessing = 0;
		};
/* End PBXSourcesBuildPhase section */

/* Begin PBXVariantGroup section */
		EECD6C7522E8C02400B68955 /* Main.storyboard */ = {
			isa = PBXVariantGroup;
			children = (
				EECD6C7622E8C02400B68955 /* Base */,
			);
			name = Main.storyboard;
			sourceTree = "<group>";
		};
		EECD6C7D22E8C02600B68955 /* LaunchScreen.storyboard */ = {
			isa = PBXVariantGroup;
			children = (
				EECD6C7E22E8C02600B68955 /* Base */,
			);
			name = LaunchScreen.storyboard;
			sourceTree = "<group>";
		};
/* End PBXVariantGroup section */

/* Begin XCBuildConfiguration section */
		EECD6C8122E8C02600B68955 /* Debug */ = {
			isa = XCBuildConfiguration;
			buildSettings = {
				ALWAYS_SEARCH_USER_PATHS = NO;
				CLANG_ANALYZER_NONNULL = YES;
				CLANG_ANALYZER_NUMBER_OBJECT_CONVERSION = YES_AGGRESSIVE;
				CLANG_CXX_LANGUAGE_STANDARD = "gnu++14";
				CLANG_CXX_LIBRARY = "libc++";
				CLANG_ENABLE_MODULES = YES;
				CLANG_ENABLE_OBJC_ARC = YES;
				CLANG_ENABLE_OBJC_WEAK = YES;
				CLANG_WARN_BLOCK_CAPTURE_AUTORELEASING = YES;
				CLANG_WARN_BOOL_CONVERSION = YES;
				CLANG_WARN_COMMA = YES;
				CLANG_WARN_CONSTANT_CONVERSION = YES;
				CLANG_WARN_DEPRECATED_OBJC_IMPLEMENTATIONS = YES;
				CLANG_WARN_DIRECT_OBJC_ISA_USAGE = YES_ERROR;
				CLANG_WARN_DOCUMENTATION_COMMENTS = YES;
				CLANG_WARN_EMPTY_BODY = YES;
				CLANG_WARN_ENUM_CONVERSION = YES;
				CLANG_WARN_INFINITE_RECURSION = YES;
				CLANG_WARN_INT_CONVERSION = YES;
				CLANG_WARN_NON_LITERAL_NULL_CONVERSION = YES;
				CLANG_WARN_OBJC_IMPLICIT_RETAIN_SELF = YES;
				CLANG_WARN_OBJC_LITERAL_CONVERSION = YES;
				CLANG_WARN_OBJC_ROOT_CLASS = YES_ERROR;
				CLANG_WARN_RANGE_LOOP_ANALYSIS = YES;
				CLANG_WARN_STRICT_PROTOTYPES = YES;
				CLANG_WARN_SUSPICIOUS_MOVE = YES;
				CLANG_WARN_UNGUARDED_AVAILABILITY = YES_AGGRESSIVE;
				CLANG_WARN_UNREACHABLE_CODE = YES;
				CLANG_WARN__DUPLICATE_METHOD_MATCH = YES;
				CODE_SIGN_IDENTITY = "iPhone Developer";
				COPY_PHASE_STRIP = NO;
				DEBUG_INFORMATION_FORMAT = dwarf;
				ENABLE_STRICT_OBJC_MSGSEND = YES;
				ENABLE_TESTABILITY = YES;
				GCC_C_LANGUAGE_STANDARD = gnu11;
				GCC_DYNAMIC_NO_PIC = NO;
				GCC_NO_COMMON_BLOCKS = YES;
				GCC_OPTIMIZATION_LEVEL = 0;
				GCC_PREPROCESSOR_DEFINITIONS = (
					"DEBUG=1",
					"$(inherited)",
				);
				GCC_WARN_64_TO_32_BIT_CONVERSION = YES;
				GCC_WARN_ABOUT_RETURN_TYPE = YES_ERROR;
				GCC_WARN_UNDECLARED_SELECTOR = YES;
				GCC_WARN_UNINITIALIZED_AUTOS = YES_AGGRESSIVE;
				GCC_WARN_UNUSED_FUNCTION = YES;
				GCC_WARN_UNUSED_VARIABLE = YES;
				IPHONEOS_DEPLOYMENT_TARGET = 12.4;
				MTL_ENABLE_DEBUG_INFO = INCLUDE_SOURCE;
				MTL_FAST_MATH = YES;
				ONLY_ACTIVE_ARCH = YES;
				SDKROOT = iphoneos;
				SWIFT_ACTIVE_COMPILATION_CONDITIONS = DEBUG;
				SWIFT_OPTIMIZATION_LEVEL = "-Onone";
			};
			name = Debug;
		};
		EECD6C8222E8C02600B68955 /* Release */ = {
			isa = XCBuildConfiguration;
			buildSettings = {
				ALWAYS_SEARCH_USER_PATHS = NO;
				CLANG_ANALYZER_NONNULL = YES;
				CLANG_ANALYZER_NUMBER_OBJECT_CONVERSION = YES_AGGRESSIVE;
				CLANG_CXX_LANGUAGE_STANDARD = "gnu++14";
				CLANG_CXX_LIBRARY = "libc++";
				CLANG_ENABLE_MODULES = YES;
				CLANG_ENABLE_OBJC_ARC = YES;
				CLANG_ENABLE_OBJC_WEAK = YES;
				CLANG_WARN_BLOCK_CAPTURE_AUTORELEASING = YES;
				CLANG_WARN_BOOL_CONVERSION = YES;
				CLANG_WARN_COMMA = YES;
				CLANG_WARN_CONSTANT_CONVERSION = YES;
				CLANG_WARN_DEPRECATED_OBJC_IMPLEMENTATIONS = YES;
				CLANG_WARN_DIRECT_OBJC_ISA_USAGE = YES_ERROR;
				CLANG_WARN_DOCUMENTATION_COMMENTS = YES;
				CLANG_WARN_EMPTY_BODY = YES;
				CLANG_WARN_ENUM_CONVERSION = YES;
				CLANG_WARN_INFINITE_RECURSION = YES;
				CLANG_WARN_INT_CONVERSION = YES;
				CLANG_WARN_NON_LITERAL_NULL_CONVERSION = YES;
				CLANG_WARN_OBJC_IMPLICIT_RETAIN_SELF = YES;
				CLANG_WARN_OBJC_LITERAL_CONVERSION = YES;
				CLANG_WARN_OBJC_ROOT_CLASS = YES_ERROR;
				CLANG_WARN_RANGE_LOOP_ANALYSIS = YES;
				CLANG_WARN_STRICT_PROTOTYPES = YES;
				CLANG_WARN_SUSPICIOUS_MOVE = YES;
				CLANG_WARN_UNGUARDED_AVAILABILITY = YES_AGGRESSIVE;
				CLANG_WARN_UNREACHABLE_CODE = YES;
				CLANG_WARN__DUPLICATE_METHOD_MATCH = YES;
				CODE_SIGN_IDENTITY = "iPhone Developer";
				COPY_PHASE_STRIP = NO;
				DEBUG_INFORMATION_FORMAT = "dwarf-with-dsym";
				ENABLE_NS_ASSERTIONS = NO;
				ENABLE_STRICT_OBJC_MSGSEND = YES;
				GCC_C_LANGUAGE_STANDARD = gnu11;
				GCC_NO_COMMON_BLOCKS = YES;
				GCC_WARN_64_TO_32_BIT_CONVERSION = YES;
				GCC_WARN_ABOUT_RETURN_TYPE = YES_ERROR;
				GCC_WARN_UNDECLARED_SELECTOR = YES;
				GCC_WARN_UNINITIALIZED_AUTOS = YES_AGGRESSIVE;
				GCC_WARN_UNUSED_FUNCTION = YES;
				GCC_WARN_UNUSED_VARIABLE = YES;
				IPHONEOS_DEPLOYMENT_TARGET = 12.4;
				MTL_ENABLE_DEBUG_INFO = NO;
				MTL_FAST_MATH = YES;
				SDKROOT = iphoneos;
				SWIFT_COMPILATION_MODE = wholemodule;
				SWIFT_OPTIMIZATION_LEVEL = "-O";
				VALIDATE_PRODUCT = YES;
			};
			name = Release;
		};
		EECD6C8422E8C02600B68955 /* Debug */ = {
			isa = XCBuildConfiguration;
			buildSettings = {
				ASSETCATALOG_COMPILER_APPICON_NAME = AppIcon;
				CODE_SIGN_STYLE = Automatic;
				DEVELOPMENT_TEAM = 9DJE2HCN94;
				INFOPLIST_FILE = divider/Info.plist;
				LD_RUNPATH_SEARCH_PATHS = (
					"$(inherited)",
					"@executable_path/Frameworks",
				);
				PRODUCT_BUNDLE_IDENTIFIER = www.grebenkin.art.divider;
				PRODUCT_NAME = "$(TARGET_NAME)";
				SWIFT_VERSION = 5.0;
				TARGETED_DEVICE_FAMILY = 1;
			};
			name = Debug;
		};
		EECD6C8522E8C02600B68955 /* Release */ = {
			isa = XCBuildConfiguration;
			buildSettings = {
				ASSETCATALOG_COMPILER_APPICON_NAME = AppIcon;
				CODE_SIGN_STYLE = Automatic;
				DEVELOPMENT_TEAM = 9DJE2HCN94;
				INFOPLIST_FILE = divider/Info.plist;
				LD_RUNPATH_SEARCH_PATHS = (
					"$(inherited)",
					"@executable_path/Frameworks",
				);
				PRODUCT_BUNDLE_IDENTIFIER = www.grebenkin.art.divider;
				PRODUCT_NAME = "$(TARGET_NAME)";
				SWIFT_VERSION = 5.0;
				TARGETED_DEVICE_FAMILY = 1;
			};
			name = Release;
		};
/* End XCBuildConfiguration section */

/* Begin XCConfigurationList section */
		EECD6C6922E8C02400B68955 /* Build configuration list for PBXProject "divider" */ = {
			isa = XCConfigurationList;
			buildConfigurations = (
				EECD6C8122E8C02600B68955 /* Debug */,
				EECD6C8222E8C02600B68955 /* Release */,
			);
			defaultConfigurationIsVisible = 0;
			defaultConfigurationName = Release;
		};
		EECD6C8322E8C02600B68955 /* Build configuration list for PBXNativeTarget "divider" */ = {
			isa = XCConfigurationList;
			buildConfigurations = (
				EECD6C8422E8C02600B68955 /* Debug */,
				EECD6C8522E8C02600B68955 /* Release */,
			);
			defaultConfigurationIsVisible = 0;
			defaultConfigurationName = Release;
		};
/* End XCConfigurationList section */

/* Begin XCVersionGroup section */
		EECD6C7822E8C02400B68955 /* divider.xcdatamodeld */ = {
			isa = XCVersionGroup;
			children = (
				EECD6C7922E8C02400B68955 /* divider.xcdatamodel */,
			);
			currentVersion = EECD6C7922E8C02400B68955 /* divider.xcdatamodel */;
			path = divider.xcdatamodeld;
			sourceTree = "<group>";
			versionGroupType = wrapper.xcdatamodel;
		};
/* End XCVersionGroup section */
	};
	rootObject = EECD6C6622E8C02400B68955 /* Project object */;
}
